
Microsoft Visual Studio Solution File, Format Version 12.00
# Visual Studio Version 16
VisualStudioVersion = 16.0.33801.447
MinimumVisualStudioVersion = 10.0.40219.1
Project("{FAE04EC0-301F-11D3-BF4B-00C04F79EFBC}") = "LAB15", "LAB15\LAB15.csproj", "{0422E5CD-B744-4C52-A1C9-176A7B182ACE}"
EndProject
Global
	GlobalSection(SolutionConfigurationPlatforms) = preSolution
		Debug|Any CPU = Debug|Any CPU
		Release|Any CPU = Release|Any CPU
	EndGlobalSection
	GlobalSection(ProjectConfigurationPlatforms) = postSolution
		{0422E5CD-B744-4C52-A1C9-176A7B182ACE}.Debug|Any CPU.ActiveCfg = Debug|Any CPU
		{0422E5CD-B744-4C52-A1C9-176A7B182ACE}.Debug|Any CPU.Build.0 = Debug|Any CPU
		{0422E5CD-B744-4C52-A1C9-176A7B182ACE}.Release|Any CPU.ActiveCfg = Release|Any CPU
		{0422E5CD-B744-4C52-A1C9-176A7B182ACE}.Release|Any CPU.Build.0 = Release|Any CPU
	EndGlobalSection
	GlobalSection(SolutionProperties) = preSolution
		HideSolutionNode = FALSE
	EndGlobalSection
	GlobalSection(ExtensibilityGlobals) = postSolution
		SolutionGuid = {EE90B6F8-5993-4ED0-AA31-516D40A8BBA8}
	EndGlobalSection
EndGlobal
