
Microsoft Visual Studio Solution File, Format Version 12.00
# Visual Studio Version 16
VisualStudioVersion = 16.0.33801.447
MinimumVisualStudioVersion = 10.0.40219.1
Project("{FAE04EC0-301F-11D3-BF4B-00C04F79EFBC}") = "Lab14", "Lab14\Lab14.csproj", "{8AF87E93-281F-403E-AEA6-99153BAAC995}"
EndProject
Global
	GlobalSection(SolutionConfigurationPlatforms) = preSolution
		Debug|Any CPU = Debug|Any CPU
		Release|Any CPU = Release|Any CPU
	EndGlobalSection
	GlobalSection(ProjectConfigurationPlatforms) = postSolution
		{8AF87E93-281F-403E-AEA6-99153BAAC995}.Debug|Any CPU.ActiveCfg = Debug|Any CPU
		{8AF87E93-281F-403E-AEA6-99153BAAC995}.Debug|Any CPU.Build.0 = Debug|Any CPU
		{8AF87E93-281F-403E-AEA6-99153BAAC995}.Release|Any CPU.ActiveCfg = Release|Any CPU
		{8AF87E93-281F-403E-AEA6-99153BAAC995}.Release|Any CPU.Build.0 = Release|Any CPU
	EndGlobalSection
	GlobalSection(SolutionProperties) = preSolution
		HideSolutionNode = FALSE
	EndGlobalSection
	GlobalSection(ExtensibilityGlobals) = postSolution
		SolutionGuid = {751C09A7-D062-4C38-876A-A09ADDD38AAA}
	EndGlobalSection
EndGlobal
